
Microsoft Visual Studio Solution File, Format Version 12.00
# Visual Studio Version 17
VisualStudioVersion = 17.2.32616.157
MinimumVisualStudioVersion = 10.0.40219.1
Project("{FAE04EC0-301F-11D3-BF4B-00C04F79EFBC}") = "PCLinkerProject", "PCLinkerProject\PCLinkerProject.csproj", "{A91FC078-9B24-4FB4-BE3F-55F535A5C533}"
	ProjectSection(ProjectDependencies) = postProject
		{FE3C1864-6167-46D1-ABBD-9F847AD6A05E} = {FE3C1864-6167-46D1-ABBD-9F847AD6A05E}
	EndProjectSection
EndProject
Project("{9A19103F-16F7-4668-BE54-9A1E7A4F7556}") = "SQLiteComponent", "SQLiteComponent\SQLiteComponent.csproj", "{A5BC0E77-CEBF-4F35-AC63-0EAE2C0EBDE8}"
	ProjectSection(ProjectDependencies) = postProject
		{64230D7D-F639-4628-B184-14E197E7CE3E} = {64230D7D-F639-4628-B184-14E197E7CE3E}
	EndProjectSection
EndProject
Project("{9A19103F-16F7-4668-BE54-9A1E7A4F7556}") = "ProgramCore", "ProgramCore\ProgramCore.csproj", "{64230D7D-F639-4628-B184-14E197E7CE3E}"
EndProject
Project("{FAE04EC0-301F-11D3-BF4B-00C04F79EFBC}") = "PCLinker.ViewModel", "PCLinker.ViewModel\PCLinker.ViewModel.csproj", "{FE3C1864-6167-46D1-ABBD-9F847AD6A05E}"
EndProject
Global
	GlobalSection(SolutionConfigurationPlatforms) = preSolution
		Debug|Any CPU = Debug|Any CPU
		Release|Any CPU = Release|Any CPU
	EndGlobalSection
	GlobalSection(ProjectConfigurationPlatforms) = postSolution
		{A91FC078-9B24-4FB4-BE3F-55F535A5C533}.Debug|Any CPU.ActiveCfg = Debug|Any CPU
		{A91FC078-9B24-4FB4-BE3F-55F535A5C533}.Debug|Any CPU.Build.0 = Debug|Any CPU
		{A91FC078-9B24-4FB4-BE3F-55F535A5C533}.Release|Any CPU.ActiveCfg = Release|Any CPU
		{A91FC078-9B24-4FB4-BE3F-55F535A5C533}.Release|Any CPU.Build.0 = Release|Any CPU
		{A5BC0E77-CEBF-4F35-AC63-0EAE2C0EBDE8}.Debug|Any CPU.ActiveCfg = Debug|Any CPU
		{A5BC0E77-CEBF-4F35-AC63-0EAE2C0EBDE8}.Debug|Any CPU.Build.0 = Debug|Any CPU
		{A5BC0E77-CEBF-4F35-AC63-0EAE2C0EBDE8}.Release|Any CPU.ActiveCfg = Release|Any CPU
		{A5BC0E77-CEBF-4F35-AC63-0EAE2C0EBDE8}.Release|Any CPU.Build.0 = Release|Any CPU
		{64230D7D-F639-4628-B184-14E197E7CE3E}.Debug|Any CPU.ActiveCfg = Debug|Any CPU
		{64230D7D-F639-4628-B184-14E197E7CE3E}.Debug|Any CPU.Build.0 = Debug|Any CPU
		{64230D7D-F639-4628-B184-14E197E7CE3E}.Release|Any CPU.ActiveCfg = Release|Any CPU
		{64230D7D-F639-4628-B184-14E197E7CE3E}.Release|Any CPU.Build.0 = Release|Any CPU
		{FE3C1864-6167-46D1-ABBD-9F847AD6A05E}.Debug|Any CPU.ActiveCfg = Debug|Any CPU
		{FE3C1864-6167-46D1-ABBD-9F847AD6A05E}.Debug|Any CPU.Build.0 = Debug|Any CPU
		{FE3C1864-6167-46D1-ABBD-9F847AD6A05E}.Release|Any CPU.ActiveCfg = Release|Any CPU
		{FE3C1864-6167-46D1-ABBD-9F847AD6A05E}.Release|Any CPU.Build.0 = Release|Any CPU
	EndGlobalSection
	GlobalSection(SolutionProperties) = preSolution
		HideSolutionNode = FALSE
	EndGlobalSection
	GlobalSection(ExtensibilityGlobals) = postSolution
		SolutionGuid = {68E0E56D-2A8D-46B2-94A8-B538031D26BB}
	EndGlobalSection
EndGlobal
